{
  "object": {
    "pins": [
      {
        "package": "LetterAvatarKit",
        "repositoryURL": "https://github.com/vpeschenkov/LetterAvatarKit",
        "state": {
          "branch": null,
          "revision": "41f67ab75f428fee719b31a60cdc795d4b5caeb5",
          "version": "1.2.3"
        }
      }
    ]
  },
  "version": 1
}
