{
  "object": {
    "pins": [
      {
        "package": "LetterAvatarKit",
        "repositoryURL": "https://github.com/vpeschenkov/LetterAvatarKit",
        "state": {
          "branch": null,
          "revision": "218b48b379ec40166b89a048faa62eaa8d206b70",
          "version": "1.2.2"
        }
      }
    ]
  },
  "version": 1
}
